
Microsoft Visual Studio Solution File, Format Version 12.00
# Visual Studio Version 16
VisualStudioVersion = 16.0.31321.278
MinimumVisualStudioVersion = 10.0.40219.1
Project("{FAE04EC0-301F-11D3-BF4B-00C04F79EFBC}") = "ConsoleApp1", "ConsoleApp1\ConsoleApp1.csproj", "{7EF3E0CD-624C-4E7B-92B8-6A04120E98EF}"
EndProject
Global
	GlobalSection(SolutionConfigurationPlatforms) = preSolution
		Debug|Any CPU = Debug|Any CPU
		Release|Any CPU = Release|Any CPU
	EndGlobalSection
	GlobalSection(ProjectConfigurationPlatforms) = postSolution
		{7EF3E0CD-624C-4E7B-92B8-6A04120E98EF}.Debug|Any CPU.ActiveCfg = Debug|Any CPU
		{7EF3E0CD-624C-4E7B-92B8-6A04120E98EF}.Debug|Any CPU.Build.0 = Debug|Any CPU
		{7EF3E0CD-624C-4E7B-92B8-6A04120E98EF}.Release|Any CPU.ActiveCfg = Release|Any CPU
		{7EF3E0CD-624C-4E7B-92B8-6A04120E98EF}.Release|Any CPU.Build.0 = Release|Any CPU
	EndGlobalSection
	GlobalSection(SolutionProperties) = preSolution
		HideSolutionNode = FALSE
	EndGlobalSection
	GlobalSection(ExtensibilityGlobals) = postSolution
		SolutionGuid = {E42C4438-5FBC-475A-87E4-EFACDD32B849}
	EndGlobalSection
EndGlobal
