
Microsoft Visual Studio Solution File, Format Version 12.00
# Visual Studio Version 16
VisualStudioVersion = 16.0.31321.278
MinimumVisualStudioVersion = 10.0.40219.1
Project("{FAE04EC0-301F-11D3-BF4B-00C04F79EFBC}") = "Lab18Exercise2", "Lab18Exercise2\Lab18Exercise2.csproj", "{9FCBD0F3-5347-442C-84E8-3B467FD647F3}"
EndProject
Global
	GlobalSection(SolutionConfigurationPlatforms) = preSolution
		Debug|Any CPU = Debug|Any CPU
		Release|Any CPU = Release|Any CPU
	EndGlobalSection
	GlobalSection(ProjectConfigurationPlatforms) = postSolution
		{9FCBD0F3-5347-442C-84E8-3B467FD647F3}.Debug|Any CPU.ActiveCfg = Debug|Any CPU
		{9FCBD0F3-5347-442C-84E8-3B467FD647F3}.Debug|Any CPU.Build.0 = Debug|Any CPU
		{9FCBD0F3-5347-442C-84E8-3B467FD647F3}.Release|Any CPU.ActiveCfg = Release|Any CPU
		{9FCBD0F3-5347-442C-84E8-3B467FD647F3}.Release|Any CPU.Build.0 = Release|Any CPU
	EndGlobalSection
	GlobalSection(SolutionProperties) = preSolution
		HideSolutionNode = FALSE
	EndGlobalSection
	GlobalSection(ExtensibilityGlobals) = postSolution
		SolutionGuid = {6FB34E7A-5126-4D8B-B5A7-9982D8EC57EF}
	EndGlobalSection
EndGlobal
