
Microsoft Visual Studio Solution File, Format Version 12.00
# Visual Studio Version 16
VisualStudioVersion = 16.0.31321.278
MinimumVisualStudioVersion = 10.0.40219.1
Project("{FAE04EC0-301F-11D3-BF4B-00C04F79EFBC}") = "infoTechCollege", "infoTechCollege.csproj", "{213F5998-9A8B-4191-B7FF-47057303A49A}"
EndProject
Project("{FAE04EC0-301F-11D3-BF4B-00C04F79EFBC}") = "infoTechCollege.Tests", "..\infoTechCollege.Tests\infoTechCollege.Tests.csproj", "{711664DE-14E2-4CF0-BAE0-EE0769A2A378}"
EndProject
Global
	GlobalSection(SolutionConfigurationPlatforms) = preSolution
		Debug|Any CPU = Debug|Any CPU
		Release|Any CPU = Release|Any CPU
	EndGlobalSection
	GlobalSection(ProjectConfigurationPlatforms) = postSolution
		{213F5998-9A8B-4191-B7FF-47057303A49A}.Debug|Any CPU.ActiveCfg = Debug|Any CPU
		{213F5998-9A8B-4191-B7FF-47057303A49A}.Debug|Any CPU.Build.0 = Debug|Any CPU
		{213F5998-9A8B-4191-B7FF-47057303A49A}.Release|Any CPU.ActiveCfg = Release|Any CPU
		{213F5998-9A8B-4191-B7FF-47057303A49A}.Release|Any CPU.Build.0 = Release|Any CPU
		{711664DE-14E2-4CF0-BAE0-EE0769A2A378}.Debug|Any CPU.ActiveCfg = Debug|Any CPU
		{711664DE-14E2-4CF0-BAE0-EE0769A2A378}.Debug|Any CPU.Build.0 = Debug|Any CPU
		{711664DE-14E2-4CF0-BAE0-EE0769A2A378}.Release|Any CPU.ActiveCfg = Release|Any CPU
		{711664DE-14E2-4CF0-BAE0-EE0769A2A378}.Release|Any CPU.Build.0 = Release|Any CPU
	EndGlobalSection
	GlobalSection(SolutionProperties) = preSolution
		HideSolutionNode = FALSE
	EndGlobalSection
	GlobalSection(ExtensibilityGlobals) = postSolution
		SolutionGuid = {321B2E08-28C6-4A27-BF39-EB098621CDF5}
	EndGlobalSection
EndGlobal
